
Microsoft Visual Studio Solution File, Format Version 12.00
# Visual Studio Version 16
VisualStudioVersion = 16.0.29709.97
MinimumVisualStudioVersion = 10.0.40219.1
Project("{FAE04EC0-301F-11D3-BF4B-00C04F79EFBC}") = "Internet-Communication-Tool", "WpfApp1\Internet-Communication-Tool.csproj", "{91DDD639-BF38-4B6F-BC04-A6DF1AB94435}"
EndProject
Global
	GlobalSection(SolutionConfigurationPlatforms) = preSolution
		Debug|Any CPU = Debug|Any CPU
		Release|Any CPU = Release|Any CPU
	EndGlobalSection
	GlobalSection(ProjectConfigurationPlatforms) = postSolution
		{91DDD639-BF38-4B6F-BC04-A6DF1AB94435}.Debug|Any CPU.ActiveCfg = Debug|Any CPU
		{91DDD639-BF38-4B6F-BC04-A6DF1AB94435}.Debug|Any CPU.Build.0 = Debug|Any CPU
		{91DDD639-BF38-4B6F-BC04-A6DF1AB94435}.Release|Any CPU.ActiveCfg = Release|Any CPU
		{91DDD639-BF38-4B6F-BC04-A6DF1AB94435}.Release|Any CPU.Build.0 = Release|Any CPU
	EndGlobalSection
	GlobalSection(SolutionProperties) = preSolution
		HideSolutionNode = FALSE
	EndGlobalSection
	GlobalSection(ExtensibilityGlobals) = postSolution
		SolutionGuid = {812EFEA4-6728-4A55-BE40-115D5BD90C99}
	EndGlobalSection
EndGlobal
